
Microsoft Visual Studio Solution File, Format Version 12.00
# Visual Studio Version 17
VisualStudioVersion = 17.1.32414.318
MinimumVisualStudioVersion = 10.0.40219.1
Project("{FAE04EC0-301F-11D3-BF4B-00C04F79EFBC}") = "DefectDetect", "AISewerPipes\DefectDetect.csproj", "{279F9FC5-1298-43FA-A791-47A2849EFBAC}"
EndProject
Global
	GlobalSection(SolutionConfigurationPlatforms) = preSolution
		Debug|Any CPU = Debug|Any CPU
		Release|Any CPU = Release|Any CPU
	EndGlobalSection
	GlobalSection(ProjectConfigurationPlatforms) = postSolution
		{279F9FC5-1298-43FA-A791-47A2849EFBAC}.Debug|Any CPU.ActiveCfg = Debug|Any CPU
		{279F9FC5-1298-43FA-A791-47A2849EFBAC}.Debug|Any CPU.Build.0 = Debug|Any CPU
		{279F9FC5-1298-43FA-A791-47A2849EFBAC}.Release|Any CPU.ActiveCfg = Release|Any CPU
		{279F9FC5-1298-43FA-A791-47A2849EFBAC}.Release|Any CPU.Build.0 = Release|Any CPU
	EndGlobalSection
	GlobalSection(SolutionProperties) = preSolution
		HideSolutionNode = FALSE
	EndGlobalSection
	GlobalSection(ExtensibilityGlobals) = postSolution
		SolutionGuid = {31DDCE55-3C68-43F4-A0E6-D65861E5B3D8}
	EndGlobalSection
EndGlobal
